{
  "name": "yuelin_trace",
  "lockfileVersion": 2,
  "requires": true,
  "packages": {
    "": {
      "dependencies": {
        "@types/google-protobuf": "^3.15.12",
        "google-protobuf": "^4.0.2",
        "grpc-web": "^2.0.2",
        "typescript": "^6.0.3"
      },
      "devDependencies": {
        "protoc": "^25.9.0",
        "ts-proto": "^2.11.8"
      }
    },
    "node_modules/@bufbuild/protobuf": {
      "version": "2.12.0",
      "resolved": "https://registry.npmjs.org/@bufbuild/protobuf/-/protobuf-2.12.0.tgz",
      "integrity": "sha512-B/XlCaFIP8LOwzo+bz5uFzATYokcwCKQcghqnlfwSmM5eX/qTkvDBnDPs+gXtX/RyjxJ4DRikECcPJbyALA8FA==",
      "dev": true
    },
    "node_modules/@types/google-protobuf": {
      "version": "3.15.12",
      "resolved": "https://registry.npmjs.org/@types/google-protobuf/-/google-protobuf-3.15.12.tgz",
      "integrity": "sha512-40um9QqwHjRS92qnOaDpL7RmDK15NuZYo9HihiJRbYkMQZlWnuH8AdvbMy8/o6lgLmKbDUKa+OALCltHdbOTpQ=="
    },
    "node_modules/case-anything": {
      "version": "2.1.13",
      "resolved": "https://registry.npmjs.org/case-anything/-/case-anything-2.1.13.tgz",
      "integrity": "sha512-zlOQ80VrQ2Ue+ymH5OuM/DlDq64mEm+B9UTdHULv5osUMD6HalNTblf2b1u/m6QecjsnOkBpqVZ+XPwIVsy7Ng==",
      "dev": true,
      "engines": {
        "node": ">=12.13"
      },
      "funding": {
        "url": "https://github.com/sponsors/mesqueeb"
      }
    },
    "node_modules/detect-libc": {
      "version": "1.0.3",
      "resolved": "https://registry.npmjs.org/detect-libc/-/detect-libc-1.0.3.tgz",
      "integrity": "sha512-pGjwhsmsp4kL2RTz08wcOlGN83otlqHeD/Z5T8GXZB+/YcpQ/dgo+lbU8ZsGxV0HIvqqxo9l7mqYwyYMD9bKDg==",
      "dev": true,
      "bin": {
        "detect-libc": "bin/detect-libc.js"
      },
      "engines": {
        "node": ">=0.10"
      }
    },
    "node_modules/dprint-node": {
      "version": "1.0.8",
      "resolved": "https://registry.npmjs.org/dprint-node/-/dprint-node-1.0.8.tgz",
      "integrity": "sha512-iVKnUtYfGrYcW1ZAlfR/F59cUVL8QIhWoBJoSjkkdua/dkWIgjZfiLMeTjiB06X0ZLkQ0M2C1VbUj/CxkIf1zg==",
      "dev": true,
      "dependencies": {
        "detect-libc": "^1.0.3"
      }
    },
    "node_modules/google-protobuf": {
      "version": "4.0.2",
      "resolved": "https://registry.npmjs.org/google-protobuf/-/google-protobuf-4.0.2.tgz",
      "integrity": "sha512-yD2fqbNgvJPuQwdKJiPdbUcXveNRxgqy070gzsBsCyFJA8Qdj9oxa9xtkddb/JEhcDk0RD5SfGUWg+nhINfMxA=="
    },
    "node_modules/grpc-web": {
      "version": "2.0.2",
      "resolved": "https://registry.npmjs.org/grpc-web/-/grpc-web-2.0.2.tgz",
      "integrity": "sha512-bvBP0/d5jyVM3eGxxffJhRLAPpH6eXhJeUzBT+bSIEgUKkG4a/BotEimVeW3phP0WLnsJnkRl8uQdRf2yDLaVA=="
    },
    "node_modules/protoc": {
      "version": "25.9.0",
      "resolved": "https://registry.npmjs.org/protoc/-/protoc-25.9.0.tgz",
      "integrity": "sha512-65AFS4xp/bgDv00zaVqmhXElCRwhAJxEzBto9mS4ZhiAvicYErbodEqy7dkVGKJWFGhPDfxjQhmOgQtJ91poZg==",
      "dev": true,
      "bin": {
        "protoc": "protoc.cjs"
      },
      "engines": {
        "node": ">=20.0.0"
      }
    },
    "node_modules/ts-poet": {
      "version": "6.12.0",
      "resolved": "https://registry.npmjs.org/ts-poet/-/ts-poet-6.12.0.tgz",
      "integrity": "sha512-xo+iRNMWqyvXpFTaOAvLPA5QAWO6TZrSUs5s4Odaya3epqofBu/fMLHEWl8jPmjhA0s9sgj9sNvF1BmaQlmQkA==",
      "dev": true,
      "dependencies": {
        "dprint-node": "^1.0.8"
      }
    },
    "node_modules/ts-proto": {
      "version": "2.11.8",
      "resolved": "https://registry.npmjs.org/ts-proto/-/ts-proto-2.11.8.tgz",
      "integrity": "sha512-+5hzECnyVB33jxjG1BIdzAHcRBm7hjnm8womdJVp2A7xJWihP0drHHVsXYTr9i/LpWNGfh80I+AVVNzFM5AwJw==",
      "dev": true,
      "dependencies": {
        "@bufbuild/protobuf": "^2.10.2",
        "case-anything": "^2.1.13",
        "ts-poet": "^6.12.0",
        "ts-proto-descriptors": "2.1.0"
      },
      "bin": {
        "protoc-gen-ts_proto": "protoc-gen-ts_proto"
      }
    },
    "node_modules/ts-proto-descriptors": {
      "version": "2.1.0",
      "resolved": "https://registry.npmjs.org/ts-proto-descriptors/-/ts-proto-descriptors-2.1.0.tgz",
      "integrity": "sha512-S5EZYEQ6L9KLFfjSRpZWDIXDV/W7tAj8uW7pLsihIxyr62EAVSiKuVPwE8iWnr849Bqa53enex1jhDUcpgquzA==",
      "dev": true,
      "dependencies": {
        "@bufbuild/protobuf": "^2.0.0"
      }
    },
    "node_modules/typescript": {
      "version": "6.0.3",
      "resolved": "https://registry.npmjs.org/typescript/-/typescript-6.0.3.tgz",
      "integrity": "sha512-y2TvuxSZPDyQakkFRPZHKFm+KKVqIisdg9/CZwm9ftvKXLP8NRWj38/ODjNbr43SsoXqNuAisEf1GdCxqWcdBw==",
      "bin": {
        "tsc": "bin/tsc",
        "tsserver": "bin/tsserver"
      },
      "engines": {
        "node": ">=14.17"
      }
    }
  },
  "dependencies": {
    "@bufbuild/protobuf": {
      "version": "2.12.0",
      "resolved": "https://registry.npmjs.org/@bufbuild/protobuf/-/protobuf-2.12.0.tgz",
      "integrity": "sha512-B/XlCaFIP8LOwzo+bz5uFzATYokcwCKQcghqnlfwSmM5eX/qTkvDBnDPs+gXtX/RyjxJ4DRikECcPJbyALA8FA==",
      "dev": true
    },
    "@types/google-protobuf": {
      "version": "3.15.12",
      "resolved": "https://registry.npmjs.org/@types/google-protobuf/-/google-protobuf-3.15.12.tgz",
      "integrity": "sha512-40um9QqwHjRS92qnOaDpL7RmDK15NuZYo9HihiJRbYkMQZlWnuH8AdvbMy8/o6lgLmKbDUKa+OALCltHdbOTpQ=="
    },
    "case-anything": {
      "version": "2.1.13",
      "resolved": "https://registry.npmjs.org/case-anything/-/case-anything-2.1.13.tgz",
      "integrity": "sha512-zlOQ80VrQ2Ue+ymH5OuM/DlDq64mEm+B9UTdHULv5osUMD6HalNTblf2b1u/m6QecjsnOkBpqVZ+XPwIVsy7Ng==",
      "dev": true
    },
    "detect-libc": {
      "version": "1.0.3",
      "resolved": "https://registry.npmjs.org/detect-libc/-/detect-libc-1.0.3.tgz",
      "integrity": "sha512-pGjwhsmsp4kL2RTz08wcOlGN83otlqHeD/Z5T8GXZB+/YcpQ/dgo+lbU8ZsGxV0HIvqqxo9l7mqYwyYMD9bKDg==",
      "dev": true
    },
    "dprint-node": {
      "version": "1.0.8",
      "resolved": "https://registry.npmjs.org/dprint-node/-/dprint-node-1.0.8.tgz",
      "integrity": "sha512-iVKnUtYfGrYcW1ZAlfR/F59cUVL8QIhWoBJoSjkkdua/dkWIgjZfiLMeTjiB06X0ZLkQ0M2C1VbUj/CxkIf1zg==",
      "dev": true,
      "requires": {
        "detect-libc": "^1.0.3"
      }
    },
    "google-protobuf": {
      "version": "4.0.2",
      "resolved": "https://registry.npmjs.org/google-protobuf/-/google-protobuf-4.0.2.tgz",
      "integrity": "sha512-yD2fqbNgvJPuQwdKJiPdbUcXveNRxgqy070gzsBsCyFJA8Qdj9oxa9xtkddb/JEhcDk0RD5SfGUWg+nhINfMxA=="
    },
    "grpc-web": {
      "version": "2.0.2",
      "resolved": "https://registry.npmjs.org/grpc-web/-/grpc-web-2.0.2.tgz",
      "integrity": "sha512-bvBP0/d5jyVM3eGxxffJhRLAPpH6eXhJeUzBT+bSIEgUKkG4a/BotEimVeW3phP0WLnsJnkRl8uQdRf2yDLaVA=="
    },
    "protoc": {
      "version": "25.9.0",
      "resolved": "https://registry.npmjs.org/protoc/-/protoc-25.9.0.tgz",
      "integrity": "sha512-65AFS4xp/bgDv00zaVqmhXElCRwhAJxEzBto9mS4ZhiAvicYErbodEqy7dkVGKJWFGhPDfxjQhmOgQtJ91poZg==",
      "dev": true
    },
    "ts-poet": {
      "version": "6.12.0",
      "resolved": "https://registry.npmjs.org/ts-poet/-/ts-poet-6.12.0.tgz",
      "integrity": "sha512-xo+iRNMWqyvXpFTaOAvLPA5QAWO6TZrSUs5s4Odaya3epqofBu/fMLHEWl8jPmjhA0s9sgj9sNvF1BmaQlmQkA==",
      "dev": true,
      "requires": {
        "dprint-node": "^1.0.8"
      }
    },
    "ts-proto": {
      "version": "2.11.8",
      "resolved": "https://registry.npmjs.org/ts-proto/-/ts-proto-2.11.8.tgz",
      "integrity": "sha512-+5hzECnyVB33jxjG1BIdzAHcRBm7hjnm8womdJVp2A7xJWihP0drHHVsXYTr9i/LpWNGfh80I+AVVNzFM5AwJw==",
      "dev": true,
      "requires": {
        "@bufbuild/protobuf": "^2.10.2",
        "case-anything": "^2.1.13",
        "ts-poet": "^6.12.0",
        "ts-proto-descriptors": "2.1.0"
      }
    },
    "ts-proto-descriptors": {
      "version": "2.1.0",
      "resolved": "https://registry.npmjs.org/ts-proto-descriptors/-/ts-proto-descriptors-2.1.0.tgz",
      "integrity": "sha512-S5EZYEQ6L9KLFfjSRpZWDIXDV/W7tAj8uW7pLsihIxyr62EAVSiKuVPwE8iWnr849Bqa53enex1jhDUcpgquzA==",
      "dev": true,
      "requires": {
        "@bufbuild/protobuf": "^2.0.0"
      }
    },
    "typescript": {
      "version": "6.0.3",
      "resolved": "https://registry.npmjs.org/typescript/-/typescript-6.0.3.tgz",
      "integrity": "sha512-y2TvuxSZPDyQakkFRPZHKFm+KKVqIisdg9/CZwm9ftvKXLP8NRWj38/ODjNbr43SsoXqNuAisEf1GdCxqWcdBw=="
    }
  }
}
